
Microsoft Visual Studio Solution File, Format Version 12.00
Project("{2150E333-8FDC-42A3-9474-1A3956D46DE8}") = "tests", "tests", "{EB56FFEB-7FE6-44BB-B268-654433136B0F}"
EndProject
Project("{2150E333-8FDC-42A3-9474-1A3956D46DE8}") = "Workfloor", "Workfloor", "{BA09286A-862B-4331-98ED-AD330808EDF8}"
EndProject
Project("{2150E333-8FDC-42A3-9474-1A3956D46DE8}") = "Lib", "Lib", "{72601D4B-0D88-47AC-9217-34B2F6B46509}"
EndProject
Project("{2150E333-8FDC-42A3-9474-1A3956D46DE8}") = "examples", "examples", "{A06FC962-E826-4DBE-886A-13F2C5F8380B}"
EndProject
Project("{2150E333-8FDC-42A3-9474-1A3956D46DE8}") = "src-old", "src-old", "{4AA0EDE6-622F-4F44-A5BB-D52CFDE03219}"
EndProject
Project("{2150E333-8FDC-42A3-9474-1A3956D46DE8}") = "Engine", "Engine", "{A333282A-D689-4ADD-9610-827C9E468020}"
EndProject
Project("{FAE04EC0-301F-11D3-BF4B-00C04F79EFBC}") = "AterraCore.Common", "src\engine\AterraCore.Common\AterraCore.Common.csproj", "{0EE5AA16-BD73-46B5-9921-17CF895E4F52}"
EndProject
Project("{2150E333-8FDC-42A3-9474-1A3956D46DE8}") = "PluginLib", "PluginLib", "{62ADC2B9-AB4C-4E7A-AADC-FD92209A4398}"
EndProject
Project("{FAE04EC0-301F-11D3-BF4B-00C04F79EFBC}") = "AterraCore.FlexiPlug", "src\engine\AterraCore.FlexiPlug\AterraCore.FlexiPlug.csproj", "{9B5AEE3D-9861-410F-A539-D8006B07B8C1}"
EndProject
Project("{FAE04EC0-301F-11D3-BF4B-00C04F79EFBC}") = "AterraCore.Nexities", "src\engine\AterraCore.Nexities\AterraCore.Nexities.csproj", "{8AF4A596-BAF4-4EC3-B74D-7A34511C910B}"
EndProject
Project("{FAE04EC0-301F-11D3-BF4B-00C04F79EFBC}") = "Workfloor-AterraCore", "examples\workfloor\Workfloor-AterraCore\Workfloor-AterraCore.csproj", "{7CB45061-2E42-4EB8-94E1-6840E5F53EAA}"
EndProject
Project("{2150E333-8FDC-42A3-9474-1A3956D46DE8}") = "Live", "Live", "{4ABC7FE4-0B0C-4500-A3DF-874274B3F70D}"
EndProject
Project("{2150E333-8FDC-42A3-9474-1A3956D46DE8}") = "Core", "Core", "{F86D197F-7641-46CE-A43D-CFF48F84B9E6}"
EndProject
Project("{FAE04EC0-301F-11D3-BF4B-00C04F79EFBC}") = "AterraCore.Contracts", "src\engine\AterraCore.Contracts\AterraCore.Contracts.csproj", "{A69DCAA2-7815-4810-9876-9881EA35F97A}"
EndProject
Project("{FAE04EC0-301F-11D3-BF4B-00C04F79EFBC}") = "Workfloor-AterraCore.Plugin", "examples\workfloor\Workfloor-AterraCore.Plugin\Workfloor-AterraCore.Plugin.csproj", "{BD9247AC-3F3B-4B49-9707-7F85C76CF3D1}"
EndProject
Project("{FAE04EC0-301F-11D3-BF4B-00C04F79EFBC}") = "AterraCore.DI", "src\engine\AterraCore.DI\AterraCore.DI.csproj", "{498585C0-4B66-442A-ABAE-2CCD21CA9FF4}"
EndProject
Project("{FAE04EC0-301F-11D3-BF4B-00C04F79EFBC}") = "AterraEngineOLD", "src\engine\AterraEngineOLD\AterraEngineOLD.csproj", "{2B87390D-7295-4C4D-ACC6-9690A34068F0}"
EndProject
Project("{FAE04EC0-301F-11D3-BF4B-00C04F79EFBC}") = "AterraCore.Loggers", "src\engine\AterraCore.Loggers\AterraCore.Loggers.csproj", "{A297B9EB-8D76-47A0-886E-976EE5572C87}"
EndProject
Project("{2150E333-8FDC-42A3-9474-1A3956D46DE8}") = "tools", "tools", "{7F9BAB80-307A-42F7-BE48-1E3CCF737EF9}"
EndProject
Project("{FAE04EC0-301F-11D3-BF4B-00C04F79EFBC}") = "ProductionTools", "tools\ProductionTools\ProductionTools.csproj", "{03B7CFD0-D4DF-42C8-AE79-D972ACF42FB1}"
EndProject
Project("{FAE04EC0-301F-11D3-BF4B-00C04F79EFBC}") = "AterraEngine.Analyzers", "tools\Analyzers\AterraEngine.Analyzers\AterraEngine.Analyzers.csproj", "{F24E2D2C-CF57-4245-864D-881FC2184C1E}"
EndProject
Project("{2150E333-8FDC-42A3-9474-1A3956D46DE8}") = "Analyzers", "Analyzers", "{CC5AA276-B4F9-4567-9D76-D0A581D5EF8D}"
EndProject
Project("{FAE04EC0-301F-11D3-BF4B-00C04F79EFBC}") = "AterraEngine.Analyzers.Sample", "tools\Analyzers\AterraEngine.Analyzers.Sample\AterraEngine.Analyzers.Sample.csproj", "{61AD6544-5817-4586-97FE-FF9970E486EE}"
EndProject
Project("{FAE04EC0-301F-11D3-BF4B-00C04F79EFBC}") = "AterraEngine.Analyzers.Tests", "tools\Analyzers\AterraEngine.Analyzers.Tests\AterraEngine.Analyzers.Tests.csproj", "{99647BEB-6EC6-44CB-B500-87F374F80AA8}"
EndProject
Project("{FAE04EC0-301F-11D3-BF4B-00C04F79EFBC}") = "Xml", "src\lib\Xml\Xml.csproj", "{A37FF6B0-E20C-42A6-9472-256F525C4587}"
EndProject
Project("{2150E333-8FDC-42A3-9474-1A3956D46DE8}") = ".Shared", ".Shared", "{042C6173-4125-4810-9F98-840C9038B966}"
EndProject
Project("{FAE04EC0-301F-11D3-BF4B-00C04F79EFBC}") = "AterraCore.Boot", "src\engine\AterraCore.Boot\AterraCore.Boot.csproj", "{0B74C51E-3BF7-43C4-B7B8-D8BC4587C641}"
EndProject
Project("{FAE04EC0-301F-11D3-BF4B-00C04F79EFBC}") = "AterraCore.AssetVault", "src\engine\AterraCore.AssetVault\AterraCore.AssetVault.csproj", "{1BC19D48-B26F-4C7E-82CA-2FD716103C66}"
EndProject
Project("{FAE04EC0-301F-11D3-BF4B-00C04F79EFBC}") = "AterraLib", "src\engine\pluginlib\AterraLib\AterraLib.csproj", "{9D0A0CBC-D69A-4DC0-9A5C-77624F08D5A8}"
EndProject
Project("{FAE04EC0-301F-11D3-BF4B-00C04F79EFBC}") = "Extensions", "src\lib\Extensions\Extensions.csproj", "{1001A63D-9E3A-4B3F-A4ED-921F29BDE49A}"
EndProject
Project("{FAE04EC0-301F-11D3-BF4B-00C04F79EFBC}") = "AterraCore.PoolCorps", "src\engine\AterraCore.PoolCorps\AterraCore.PoolCorps.csproj", "{2BD4E958-ED91-45E9-9DEE-A5A897238067}"
EndProject
Project("{2150E333-8FDC-42A3-9474-1A3956D46DE8}") = "Engine", "Engine", "{E28BBB9A-EA94-412B-BCF4-4B7E198A7726}"
EndProject
Project("{2150E333-8FDC-42A3-9474-1A3956D46DE8}") = "Lib", "Lib", "{806CB99B-05C9-4E15-9875-D52EB50D52AD}"
EndProject
Project("{FAE04EC0-301F-11D3-BF4B-00C04F79EFBC}") = "Tests.AterraCore.Attributes", "tests\Tests.AterraCore.Attributes\Tests.AterraCore.Attributes.csproj", "{E2457ED3-22BD-4A66-AA86-D57594D9B3F6}"
EndProject
Project("{FAE04EC0-301F-11D3-BF4B-00C04F79EFBC}") = "Tests.AterraCore.Common", "tests\Tests.AterraCore.Common\Tests.AterraCore.Common.csproj", "{4C8FE041-15B9-43DF-8988-9A60353E0DC0}"
EndProject
Project("{FAE04EC0-301F-11D3-BF4B-00C04F79EFBC}") = "AterraCore.ConfigMancer", "src\engine\AterraCore.ConfigMancer\AterraCore.ConfigMancer.csproj", "{40C95DA4-8206-4235-B41A-41DC064EEC1B}"
EndProject
Project("{FAE04EC0-301F-11D3-BF4B-00C04F79EFBC}") = "AterraLib.Contracts", "src\engine\pluginlib\AterraLib.Contracts\AterraLib.Contracts.csproj", "{64B7F5B2-0CDA-4D59-ADA0-BBBE9362DC3A}"
EndProject
Project("{FAE04EC0-301F-11D3-BF4B-00C04F79EFBC}") = "AterraLibOverwrite", "src\engine\pluginlib\AterraLibOverwrite\AterraLibOverwrite.csproj", "{FDEE1812-5E3D-44FB-A057-C95B5A655370}"
EndProject
Project("{FAE04EC0-301F-11D3-BF4B-00C04F79EFBC}") = "AterraCore.Threading", "src\engine\AterraCore.Threading\AterraCore.Threading.csproj", "{B6DBF4FD-D850-443F-A780-B431FCE9ACA9}"
EndProject
Project("{2150E333-8FDC-42A3-9474-1A3956D46DE8}") = "src", "src", "{400D5E5D-3953-40A3-98FC-172A29281ADE}"
EndProject
Project("{2150E333-8FDC-42A3-9474-1A3956D46DE8}") = "engine", "engine", "{DA7718D3-2828-4E4C-BB7F-9EDA5264EF1F}"
EndProject
Project("{2150E333-8FDC-42A3-9474-1A3956D46DE8}") = "libs", "libs", "{9E1E96E7-8CBA-40CE-B821-2DE681E4B671}"
EndProject
Project("{FAE04EC0-301F-11D3-BF4B-00C04F79EFBC}") = "AterraEngine.Common", "src\engine\AterraEngine.Common\AterraEngine.Common.csproj", "{16938B3C-6029-4EC9-B8F8-4D0222637E61}"
EndProject
Project("{FAE04EC0-301F-11D3-BF4B-00C04F79EFBC}") = "AterraEngine.Contracts", "src\engine\AterraEngine.Contracts\AterraEngine.Contracts.csproj", "{48723AE6-EAD8-4DDE-A988-3B9326A46548}"
EndProject
Project("{2150E333-8FDC-42A3-9474-1A3956D46DE8}") = ".shared", ".shared", "{AFECE504-C14C-4009-A74D-1731DDA68843}"
EndProject
Project("{2150E333-8FDC-42A3-9474-1A3956D46DE8}") = "core", "core", "{D305A64F-2375-484A-9C2A-A171B79954E7}"
EndProject
Project("{FAE04EC0-301F-11D3-BF4B-00C04F79EFBC}") = "AterraEngine", "src\engine\AterraEngine\AterraEngine.csproj", "{99EF3F7C-3B6C-45B6-995D-F4B90E044A6E}"
EndProject
Project("{FAE04EC0-301F-11D3-BF4B-00C04F79EFBC}") = "AterraEngine.Core.DependencyInjection", "src\engine\AterraEngine.Core.DependencyInjection\AterraEngine.Core.DependencyInjection.csproj", "{ADDB2FFF-D2E1-4189-99A1-58C7BB298FBC}"
EndProject
Project("{2150E333-8FDC-42A3-9474-1A3956D46DE8}") = "Loid", "Loid", "{24661EFE-4800-4E78-B59C-96CDD77D7E80}"
EndProject
Project("{FAE04EC0-301F-11D3-BF4B-00C04F79EFBC}") = "Workfloor", "examples\workfloor\Workfloor\Workfloor.csproj", "{FB9A9C11-8ADC-4E17-83AB-41EEB2ED59C5}"
EndProject
Project("{FAE04EC0-301F-11D3-BF4B-00C04F79EFBC}") = "AterraEngine.Core.Omnia", "src\engine\AterraEngine.Core.Omnia\AterraEngine.Core.Omnia.csproj", "{7B2EF905-5044-42C6-A927-14AA35F4B48C}"
EndProject
Project("{FAE04EC0-301F-11D3-BF4B-00C04F79EFBC}") = "AterraEngine.Generators", "tools\AterraEngine.Generators\AterraEngine.Generators\AterraEngine.Generators.csproj", "{E97E2B83-EA57-428C-AC5F-6BA956432C3A}"
EndProject
Project("{FAE04EC0-301F-11D3-BF4B-00C04F79EFBC}") = "AterraEngine.Generators.Tests", "tools\AterraEngine.Generators\AterraEngine.Generators.Tests\AterraEngine.Generators.Tests.csproj", "{8F65A9D1-A51D-49A6-A8A8-5AFE972AF79C}"
EndProject
Project("{FAE04EC0-301F-11D3-BF4B-00C04F79EFBC}") = "AterraEngine.Generators.Sample", "tools\AterraEngine.Generators\AterraEngine.Generators.Sample\AterraEngine.Generators.Sample.csproj", "{F64AE1B7-CEEB-44B3-8CC3-CA79E6EED9B1}"
EndProject
Global
	GlobalSection(SolutionConfigurationPlatforms) = preSolution
		Debug|Any CPU = Debug|Any CPU
		Release|Any CPU = Release|Any CPU
	EndGlobalSection
	GlobalSection(NestedProjects) = preSolution
		{BA09286A-862B-4331-98ED-AD330808EDF8} = {A06FC962-E826-4DBE-886A-13F2C5F8380B}
		{72601D4B-0D88-47AC-9217-34B2F6B46509} = {4AA0EDE6-622F-4F44-A5BB-D52CFDE03219}
		{A333282A-D689-4ADD-9610-827C9E468020} = {4AA0EDE6-622F-4F44-A5BB-D52CFDE03219}
		{62ADC2B9-AB4C-4E7A-AADC-FD92209A4398} = {A333282A-D689-4ADD-9610-827C9E468020}
		{4ABC7FE4-0B0C-4500-A3DF-874274B3F70D} = {BA09286A-862B-4331-98ED-AD330808EDF8}
		{7CB45061-2E42-4EB8-94E1-6840E5F53EAA} = {4ABC7FE4-0B0C-4500-A3DF-874274B3F70D}
		{F86D197F-7641-46CE-A43D-CFF48F84B9E6} = {A333282A-D689-4ADD-9610-827C9E468020}
		{BD9247AC-3F3B-4B49-9707-7F85C76CF3D1} = {4ABC7FE4-0B0C-4500-A3DF-874274B3F70D}
		{498585C0-4B66-442A-ABAE-2CCD21CA9FF4} = {F86D197F-7641-46CE-A43D-CFF48F84B9E6}
		{2B87390D-7295-4C4D-ACC6-9690A34068F0} = {A333282A-D689-4ADD-9610-827C9E468020}
		{A297B9EB-8D76-47A0-886E-976EE5572C87} = {F86D197F-7641-46CE-A43D-CFF48F84B9E6}
		{03B7CFD0-D4DF-42C8-AE79-D972ACF42FB1} = {7F9BAB80-307A-42F7-BE48-1E3CCF737EF9}
		{CC5AA276-B4F9-4567-9D76-D0A581D5EF8D} = {7F9BAB80-307A-42F7-BE48-1E3CCF737EF9}
		{F24E2D2C-CF57-4245-864D-881FC2184C1E} = {CC5AA276-B4F9-4567-9D76-D0A581D5EF8D}
		{61AD6544-5817-4586-97FE-FF9970E486EE} = {CC5AA276-B4F9-4567-9D76-D0A581D5EF8D}
		{99647BEB-6EC6-44CB-B500-87F374F80AA8} = {CC5AA276-B4F9-4567-9D76-D0A581D5EF8D}
		{A37FF6B0-E20C-42A6-9472-256F525C4587} = {72601D4B-0D88-47AC-9217-34B2F6B46509}
		{042C6173-4125-4810-9F98-840C9038B966} = {A333282A-D689-4ADD-9610-827C9E468020}
		{0EE5AA16-BD73-46B5-9921-17CF895E4F52} = {042C6173-4125-4810-9F98-840C9038B966}
		{A69DCAA2-7815-4810-9876-9881EA35F97A} = {042C6173-4125-4810-9F98-840C9038B966}
		{1001A63D-9E3A-4B3F-A4ED-921F29BDE49A} = {72601D4B-0D88-47AC-9217-34B2F6B46509}
		{2BD4E958-ED91-45E9-9DEE-A5A897238067} = {F86D197F-7641-46CE-A43D-CFF48F84B9E6}
		{E28BBB9A-EA94-412B-BCF4-4B7E198A7726} = {EB56FFEB-7FE6-44BB-B268-654433136B0F}
		{806CB99B-05C9-4E15-9875-D52EB50D52AD} = {EB56FFEB-7FE6-44BB-B268-654433136B0F}
		{E2457ED3-22BD-4A66-AA86-D57594D9B3F6} = {E28BBB9A-EA94-412B-BCF4-4B7E198A7726}
		{4C8FE041-15B9-43DF-8988-9A60353E0DC0} = {E28BBB9A-EA94-412B-BCF4-4B7E198A7726}
		{40C95DA4-8206-4235-B41A-41DC064EEC1B} = {F86D197F-7641-46CE-A43D-CFF48F84B9E6}
		{9D0A0CBC-D69A-4DC0-9A5C-77624F08D5A8} = {62ADC2B9-AB4C-4E7A-AADC-FD92209A4398}
		{64B7F5B2-0CDA-4D59-ADA0-BBBE9362DC3A} = {62ADC2B9-AB4C-4E7A-AADC-FD92209A4398}
		{8AF4A596-BAF4-4EC3-B74D-7A34511C910B} = {F86D197F-7641-46CE-A43D-CFF48F84B9E6}
		{9B5AEE3D-9861-410F-A539-D8006B07B8C1} = {F86D197F-7641-46CE-A43D-CFF48F84B9E6}
		{0B74C51E-3BF7-43C4-B7B8-D8BC4587C641} = {F86D197F-7641-46CE-A43D-CFF48F84B9E6}
		{1BC19D48-B26F-4C7E-82CA-2FD716103C66} = {F86D197F-7641-46CE-A43D-CFF48F84B9E6}
		{FDEE1812-5E3D-44FB-A057-C95B5A655370} = {62ADC2B9-AB4C-4E7A-AADC-FD92209A4398}
		{B6DBF4FD-D850-443F-A780-B431FCE9ACA9} = {F86D197F-7641-46CE-A43D-CFF48F84B9E6}
		{DA7718D3-2828-4E4C-BB7F-9EDA5264EF1F} = {400D5E5D-3953-40A3-98FC-172A29281ADE}
		{9E1E96E7-8CBA-40CE-B821-2DE681E4B671} = {400D5E5D-3953-40A3-98FC-172A29281ADE}
		{AFECE504-C14C-4009-A74D-1731DDA68843} = {DA7718D3-2828-4E4C-BB7F-9EDA5264EF1F}
		{16938B3C-6029-4EC9-B8F8-4D0222637E61} = {AFECE504-C14C-4009-A74D-1731DDA68843}
		{48723AE6-EAD8-4DDE-A988-3B9326A46548} = {AFECE504-C14C-4009-A74D-1731DDA68843}
		{D305A64F-2375-484A-9C2A-A171B79954E7} = {DA7718D3-2828-4E4C-BB7F-9EDA5264EF1F}
		{99EF3F7C-3B6C-45B6-995D-F4B90E044A6E} = {DA7718D3-2828-4E4C-BB7F-9EDA5264EF1F}
		{ADDB2FFF-D2E1-4189-99A1-58C7BB298FBC} = {D305A64F-2375-484A-9C2A-A171B79954E7}
		{24661EFE-4800-4E78-B59C-96CDD77D7E80} = {BA09286A-862B-4331-98ED-AD330808EDF8}
		{FB9A9C11-8ADC-4E17-83AB-41EEB2ED59C5} = {24661EFE-4800-4E78-B59C-96CDD77D7E80}
		{7B2EF905-5044-42C6-A927-14AA35F4B48C} = {D305A64F-2375-484A-9C2A-A171B79954E7}
		{E97E2B83-EA57-428C-AC5F-6BA956432C3A} = {7F9BAB80-307A-42F7-BE48-1E3CCF737EF9}
		{8F65A9D1-A51D-49A6-A8A8-5AFE972AF79C} = {7F9BAB80-307A-42F7-BE48-1E3CCF737EF9}
		{F64AE1B7-CEEB-44B3-8CC3-CA79E6EED9B1} = {7F9BAB80-307A-42F7-BE48-1E3CCF737EF9}
	EndGlobalSection
	GlobalSection(ProjectConfigurationPlatforms) = postSolution
		{0EE5AA16-BD73-46B5-9921-17CF895E4F52}.Debug|Any CPU.ActiveCfg = Debug|Any CPU
		{0EE5AA16-BD73-46B5-9921-17CF895E4F52}.Debug|Any CPU.Build.0 = Debug|Any CPU
		{0EE5AA16-BD73-46B5-9921-17CF895E4F52}.Release|Any CPU.ActiveCfg = Release|Any CPU
		{0EE5AA16-BD73-46B5-9921-17CF895E4F52}.Release|Any CPU.Build.0 = Release|Any CPU
		{9B5AEE3D-9861-410F-A539-D8006B07B8C1}.Debug|Any CPU.ActiveCfg = Debug|Any CPU
		{9B5AEE3D-9861-410F-A539-D8006B07B8C1}.Debug|Any CPU.Build.0 = Debug|Any CPU
		{9B5AEE3D-9861-410F-A539-D8006B07B8C1}.Release|Any CPU.ActiveCfg = Release|Any CPU
		{9B5AEE3D-9861-410F-A539-D8006B07B8C1}.Release|Any CPU.Build.0 = Release|Any CPU
		{8AF4A596-BAF4-4EC3-B74D-7A34511C910B}.Debug|Any CPU.ActiveCfg = Debug|Any CPU
		{8AF4A596-BAF4-4EC3-B74D-7A34511C910B}.Debug|Any CPU.Build.0 = Debug|Any CPU
		{8AF4A596-BAF4-4EC3-B74D-7A34511C910B}.Release|Any CPU.ActiveCfg = Release|Any CPU
		{8AF4A596-BAF4-4EC3-B74D-7A34511C910B}.Release|Any CPU.Build.0 = Release|Any CPU
		{7CB45061-2E42-4EB8-94E1-6840E5F53EAA}.Debug|Any CPU.ActiveCfg = Debug|Any CPU
		{7CB45061-2E42-4EB8-94E1-6840E5F53EAA}.Debug|Any CPU.Build.0 = Debug|Any CPU
		{7CB45061-2E42-4EB8-94E1-6840E5F53EAA}.Release|Any CPU.ActiveCfg = Release|Any CPU
		{7CB45061-2E42-4EB8-94E1-6840E5F53EAA}.Release|Any CPU.Build.0 = Release|Any CPU
		{A69DCAA2-7815-4810-9876-9881EA35F97A}.Debug|Any CPU.ActiveCfg = Debug|Any CPU
		{A69DCAA2-7815-4810-9876-9881EA35F97A}.Debug|Any CPU.Build.0 = Debug|Any CPU
		{A69DCAA2-7815-4810-9876-9881EA35F97A}.Release|Any CPU.ActiveCfg = Release|Any CPU
		{A69DCAA2-7815-4810-9876-9881EA35F97A}.Release|Any CPU.Build.0 = Release|Any CPU
		{BD9247AC-3F3B-4B49-9707-7F85C76CF3D1}.Debug|Any CPU.ActiveCfg = Debug|Any CPU
		{BD9247AC-3F3B-4B49-9707-7F85C76CF3D1}.Debug|Any CPU.Build.0 = Debug|Any CPU
		{BD9247AC-3F3B-4B49-9707-7F85C76CF3D1}.Release|Any CPU.ActiveCfg = Release|Any CPU
		{BD9247AC-3F3B-4B49-9707-7F85C76CF3D1}.Release|Any CPU.Build.0 = Release|Any CPU
		{498585C0-4B66-442A-ABAE-2CCD21CA9FF4}.Debug|Any CPU.ActiveCfg = Debug|Any CPU
		{498585C0-4B66-442A-ABAE-2CCD21CA9FF4}.Debug|Any CPU.Build.0 = Debug|Any CPU
		{498585C0-4B66-442A-ABAE-2CCD21CA9FF4}.Release|Any CPU.ActiveCfg = Release|Any CPU
		{498585C0-4B66-442A-ABAE-2CCD21CA9FF4}.Release|Any CPU.Build.0 = Release|Any CPU
		{2B87390D-7295-4C4D-ACC6-9690A34068F0}.Debug|Any CPU.ActiveCfg = Debug|Any CPU
		{2B87390D-7295-4C4D-ACC6-9690A34068F0}.Debug|Any CPU.Build.0 = Debug|Any CPU
		{2B87390D-7295-4C4D-ACC6-9690A34068F0}.Release|Any CPU.ActiveCfg = Release|Any CPU
		{2B87390D-7295-4C4D-ACC6-9690A34068F0}.Release|Any CPU.Build.0 = Release|Any CPU
		{A297B9EB-8D76-47A0-886E-976EE5572C87}.Debug|Any CPU.ActiveCfg = Debug|Any CPU
		{A297B9EB-8D76-47A0-886E-976EE5572C87}.Debug|Any CPU.Build.0 = Debug|Any CPU
		{A297B9EB-8D76-47A0-886E-976EE5572C87}.Release|Any CPU.ActiveCfg = Release|Any CPU
		{A297B9EB-8D76-47A0-886E-976EE5572C87}.Release|Any CPU.Build.0 = Release|Any CPU
		{03B7CFD0-D4DF-42C8-AE79-D972ACF42FB1}.Debug|Any CPU.ActiveCfg = Debug|Any CPU
		{03B7CFD0-D4DF-42C8-AE79-D972ACF42FB1}.Debug|Any CPU.Build.0 = Debug|Any CPU
		{03B7CFD0-D4DF-42C8-AE79-D972ACF42FB1}.Release|Any CPU.ActiveCfg = Release|Any CPU
		{03B7CFD0-D4DF-42C8-AE79-D972ACF42FB1}.Release|Any CPU.Build.0 = Release|Any CPU
		{F24E2D2C-CF57-4245-864D-881FC2184C1E}.Debug|Any CPU.ActiveCfg = Debug|Any CPU
		{F24E2D2C-CF57-4245-864D-881FC2184C1E}.Debug|Any CPU.Build.0 = Debug|Any CPU
		{F24E2D2C-CF57-4245-864D-881FC2184C1E}.Release|Any CPU.ActiveCfg = Release|Any CPU
		{F24E2D2C-CF57-4245-864D-881FC2184C1E}.Release|Any CPU.Build.0 = Release|Any CPU
		{61AD6544-5817-4586-97FE-FF9970E486EE}.Debug|Any CPU.ActiveCfg = Debug|Any CPU
		{61AD6544-5817-4586-97FE-FF9970E486EE}.Debug|Any CPU.Build.0 = Debug|Any CPU
		{61AD6544-5817-4586-97FE-FF9970E486EE}.Release|Any CPU.ActiveCfg = Release|Any CPU
		{61AD6544-5817-4586-97FE-FF9970E486EE}.Release|Any CPU.Build.0 = Release|Any CPU
		{99647BEB-6EC6-44CB-B500-87F374F80AA8}.Debug|Any CPU.ActiveCfg = Debug|Any CPU
		{99647BEB-6EC6-44CB-B500-87F374F80AA8}.Debug|Any CPU.Build.0 = Debug|Any CPU
		{99647BEB-6EC6-44CB-B500-87F374F80AA8}.Release|Any CPU.ActiveCfg = Release|Any CPU
		{99647BEB-6EC6-44CB-B500-87F374F80AA8}.Release|Any CPU.Build.0 = Release|Any CPU
		{A37FF6B0-E20C-42A6-9472-256F525C4587}.Debug|Any CPU.ActiveCfg = Debug|Any CPU
		{A37FF6B0-E20C-42A6-9472-256F525C4587}.Debug|Any CPU.Build.0 = Debug|Any CPU
		{A37FF6B0-E20C-42A6-9472-256F525C4587}.Release|Any CPU.ActiveCfg = Release|Any CPU
		{A37FF6B0-E20C-42A6-9472-256F525C4587}.Release|Any CPU.Build.0 = Release|Any CPU
		{0B74C51E-3BF7-43C4-B7B8-D8BC4587C641}.Debug|Any CPU.ActiveCfg = Debug|Any CPU
		{0B74C51E-3BF7-43C4-B7B8-D8BC4587C641}.Debug|Any CPU.Build.0 = Debug|Any CPU
		{0B74C51E-3BF7-43C4-B7B8-D8BC4587C641}.Release|Any CPU.ActiveCfg = Release|Any CPU
		{0B74C51E-3BF7-43C4-B7B8-D8BC4587C641}.Release|Any CPU.Build.0 = Release|Any CPU
		{1BC19D48-B26F-4C7E-82CA-2FD716103C66}.Debug|Any CPU.ActiveCfg = Debug|Any CPU
		{1BC19D48-B26F-4C7E-82CA-2FD716103C66}.Debug|Any CPU.Build.0 = Debug|Any CPU
		{1BC19D48-B26F-4C7E-82CA-2FD716103C66}.Release|Any CPU.ActiveCfg = Release|Any CPU
		{1BC19D48-B26F-4C7E-82CA-2FD716103C66}.Release|Any CPU.Build.0 = Release|Any CPU
		{9D0A0CBC-D69A-4DC0-9A5C-77624F08D5A8}.Debug|Any CPU.ActiveCfg = Debug|Any CPU
		{9D0A0CBC-D69A-4DC0-9A5C-77624F08D5A8}.Debug|Any CPU.Build.0 = Debug|Any CPU
		{9D0A0CBC-D69A-4DC0-9A5C-77624F08D5A8}.Release|Any CPU.ActiveCfg = Release|Any CPU
		{9D0A0CBC-D69A-4DC0-9A5C-77624F08D5A8}.Release|Any CPU.Build.0 = Release|Any CPU
		{1001A63D-9E3A-4B3F-A4ED-921F29BDE49A}.Debug|Any CPU.ActiveCfg = Debug|Any CPU
		{1001A63D-9E3A-4B3F-A4ED-921F29BDE49A}.Debug|Any CPU.Build.0 = Debug|Any CPU
		{1001A63D-9E3A-4B3F-A4ED-921F29BDE49A}.Release|Any CPU.ActiveCfg = Release|Any CPU
		{1001A63D-9E3A-4B3F-A4ED-921F29BDE49A}.Release|Any CPU.Build.0 = Release|Any CPU
		{2BD4E958-ED91-45E9-9DEE-A5A897238067}.Debug|Any CPU.ActiveCfg = Debug|Any CPU
		{2BD4E958-ED91-45E9-9DEE-A5A897238067}.Debug|Any CPU.Build.0 = Debug|Any CPU
		{2BD4E958-ED91-45E9-9DEE-A5A897238067}.Release|Any CPU.ActiveCfg = Release|Any CPU
		{2BD4E958-ED91-45E9-9DEE-A5A897238067}.Release|Any CPU.Build.0 = Release|Any CPU
		{E2457ED3-22BD-4A66-AA86-D57594D9B3F6}.Debug|Any CPU.ActiveCfg = Debug|Any CPU
		{E2457ED3-22BD-4A66-AA86-D57594D9B3F6}.Debug|Any CPU.Build.0 = Debug|Any CPU
		{E2457ED3-22BD-4A66-AA86-D57594D9B3F6}.Release|Any CPU.ActiveCfg = Release|Any CPU
		{E2457ED3-22BD-4A66-AA86-D57594D9B3F6}.Release|Any CPU.Build.0 = Release|Any CPU
		{4C8FE041-15B9-43DF-8988-9A60353E0DC0}.Debug|Any CPU.ActiveCfg = Debug|Any CPU
		{4C8FE041-15B9-43DF-8988-9A60353E0DC0}.Debug|Any CPU.Build.0 = Debug|Any CPU
		{4C8FE041-15B9-43DF-8988-9A60353E0DC0}.Release|Any CPU.ActiveCfg = Release|Any CPU
		{4C8FE041-15B9-43DF-8988-9A60353E0DC0}.Release|Any CPU.Build.0 = Release|Any CPU
		{40C95DA4-8206-4235-B41A-41DC064EEC1B}.Debug|Any CPU.ActiveCfg = Debug|Any CPU
		{40C95DA4-8206-4235-B41A-41DC064EEC1B}.Debug|Any CPU.Build.0 = Debug|Any CPU
		{40C95DA4-8206-4235-B41A-41DC064EEC1B}.Release|Any CPU.ActiveCfg = Release|Any CPU
		{40C95DA4-8206-4235-B41A-41DC064EEC1B}.Release|Any CPU.Build.0 = Release|Any CPU
		{64B7F5B2-0CDA-4D59-ADA0-BBBE9362DC3A}.Debug|Any CPU.ActiveCfg = Debug|Any CPU
		{64B7F5B2-0CDA-4D59-ADA0-BBBE9362DC3A}.Debug|Any CPU.Build.0 = Debug|Any CPU
		{64B7F5B2-0CDA-4D59-ADA0-BBBE9362DC3A}.Release|Any CPU.ActiveCfg = Release|Any CPU
		{64B7F5B2-0CDA-4D59-ADA0-BBBE9362DC3A}.Release|Any CPU.Build.0 = Release|Any CPU
		{FDEE1812-5E3D-44FB-A057-C95B5A655370}.Debug|Any CPU.ActiveCfg = Debug|Any CPU
		{FDEE1812-5E3D-44FB-A057-C95B5A655370}.Debug|Any CPU.Build.0 = Debug|Any CPU
		{FDEE1812-5E3D-44FB-A057-C95B5A655370}.Release|Any CPU.ActiveCfg = Release|Any CPU
		{FDEE1812-5E3D-44FB-A057-C95B5A655370}.Release|Any CPU.Build.0 = Release|Any CPU
		{B6DBF4FD-D850-443F-A780-B431FCE9ACA9}.Debug|Any CPU.ActiveCfg = Debug|Any CPU
		{B6DBF4FD-D850-443F-A780-B431FCE9ACA9}.Debug|Any CPU.Build.0 = Debug|Any CPU
		{B6DBF4FD-D850-443F-A780-B431FCE9ACA9}.Release|Any CPU.ActiveCfg = Release|Any CPU
		{B6DBF4FD-D850-443F-A780-B431FCE9ACA9}.Release|Any CPU.Build.0 = Release|Any CPU
		{16938B3C-6029-4EC9-B8F8-4D0222637E61}.Debug|Any CPU.ActiveCfg = Debug|Any CPU
		{16938B3C-6029-4EC9-B8F8-4D0222637E61}.Debug|Any CPU.Build.0 = Debug|Any CPU
		{16938B3C-6029-4EC9-B8F8-4D0222637E61}.Release|Any CPU.ActiveCfg = Release|Any CPU
		{16938B3C-6029-4EC9-B8F8-4D0222637E61}.Release|Any CPU.Build.0 = Release|Any CPU
		{48723AE6-EAD8-4DDE-A988-3B9326A46548}.Debug|Any CPU.ActiveCfg = Debug|Any CPU
		{48723AE6-EAD8-4DDE-A988-3B9326A46548}.Debug|Any CPU.Build.0 = Debug|Any CPU
		{48723AE6-EAD8-4DDE-A988-3B9326A46548}.Release|Any CPU.ActiveCfg = Release|Any CPU
		{48723AE6-EAD8-4DDE-A988-3B9326A46548}.Release|Any CPU.Build.0 = Release|Any CPU
		{99EF3F7C-3B6C-45B6-995D-F4B90E044A6E}.Debug|Any CPU.ActiveCfg = Debug|Any CPU
		{99EF3F7C-3B6C-45B6-995D-F4B90E044A6E}.Debug|Any CPU.Build.0 = Debug|Any CPU
		{99EF3F7C-3B6C-45B6-995D-F4B90E044A6E}.Release|Any CPU.ActiveCfg = Release|Any CPU
		{99EF3F7C-3B6C-45B6-995D-F4B90E044A6E}.Release|Any CPU.Build.0 = Release|Any CPU
		{ADDB2FFF-D2E1-4189-99A1-58C7BB298FBC}.Debug|Any CPU.ActiveCfg = Debug|Any CPU
		{ADDB2FFF-D2E1-4189-99A1-58C7BB298FBC}.Debug|Any CPU.Build.0 = Debug|Any CPU
		{ADDB2FFF-D2E1-4189-99A1-58C7BB298FBC}.Release|Any CPU.ActiveCfg = Release|Any CPU
		{ADDB2FFF-D2E1-4189-99A1-58C7BB298FBC}.Release|Any CPU.Build.0 = Release|Any CPU
		{FB9A9C11-8ADC-4E17-83AB-41EEB2ED59C5}.Debug|Any CPU.ActiveCfg = Debug|Any CPU
		{FB9A9C11-8ADC-4E17-83AB-41EEB2ED59C5}.Debug|Any CPU.Build.0 = Debug|Any CPU
		{FB9A9C11-8ADC-4E17-83AB-41EEB2ED59C5}.Release|Any CPU.ActiveCfg = Release|Any CPU
		{FB9A9C11-8ADC-4E17-83AB-41EEB2ED59C5}.Release|Any CPU.Build.0 = Release|Any CPU
		{7B2EF905-5044-42C6-A927-14AA35F4B48C}.Debug|Any CPU.ActiveCfg = Debug|Any CPU
		{7B2EF905-5044-42C6-A927-14AA35F4B48C}.Debug|Any CPU.Build.0 = Debug|Any CPU
		{7B2EF905-5044-42C6-A927-14AA35F4B48C}.Release|Any CPU.ActiveCfg = Release|Any CPU
		{7B2EF905-5044-42C6-A927-14AA35F4B48C}.Release|Any CPU.Build.0 = Release|Any CPU
		{E97E2B83-EA57-428C-AC5F-6BA956432C3A}.Debug|Any CPU.ActiveCfg = Debug|Any CPU
		{E97E2B83-EA57-428C-AC5F-6BA956432C3A}.Debug|Any CPU.Build.0 = Debug|Any CPU
		{E97E2B83-EA57-428C-AC5F-6BA956432C3A}.Release|Any CPU.ActiveCfg = Release|Any CPU
		{E97E2B83-EA57-428C-AC5F-6BA956432C3A}.Release|Any CPU.Build.0 = Release|Any CPU
		{8F65A9D1-A51D-49A6-A8A8-5AFE972AF79C}.Debug|Any CPU.ActiveCfg = Debug|Any CPU
		{8F65A9D1-A51D-49A6-A8A8-5AFE972AF79C}.Debug|Any CPU.Build.0 = Debug|Any CPU
		{8F65A9D1-A51D-49A6-A8A8-5AFE972AF79C}.Release|Any CPU.ActiveCfg = Release|Any CPU
		{8F65A9D1-A51D-49A6-A8A8-5AFE972AF79C}.Release|Any CPU.Build.0 = Release|Any CPU
		{F64AE1B7-CEEB-44B3-8CC3-CA79E6EED9B1}.Debug|Any CPU.ActiveCfg = Debug|Any CPU
		{F64AE1B7-CEEB-44B3-8CC3-CA79E6EED9B1}.Debug|Any CPU.Build.0 = Debug|Any CPU
		{F64AE1B7-CEEB-44B3-8CC3-CA79E6EED9B1}.Release|Any CPU.ActiveCfg = Release|Any CPU
		{F64AE1B7-CEEB-44B3-8CC3-CA79E6EED9B1}.Release|Any CPU.Build.0 = Release|Any CPU
	EndGlobalSection
EndGlobal
