
Microsoft Visual Studio Solution File, Format Version 12.00
Project("{2150E333-8FDC-42A3-9474-1A3956D46DE8}") = "Engine", "Engine", "{4B8ABED8-0A9C-4C96-B9F0-C3F618D273F8}"
EndProject
Project("{2150E333-8FDC-42A3-9474-1A3956D46DE8}") = "Tests", "Tests", "{EB56FFEB-7FE6-44BB-B268-654433136B0F}"
EndProject
Project("{2150E333-8FDC-42A3-9474-1A3956D46DE8}") = "Workfloor", "Workfloor", "{BA09286A-862B-4331-98ED-AD330808EDF8}"
EndProject
Project("{2150E333-8FDC-42A3-9474-1A3956D46DE8}") = "Lib", "Lib", "{72601D4B-0D88-47AC-9217-34B2F6B46509}"
EndProject
Project("{FAE04EC0-301F-11D3-BF4B-00C04F79EFBC}") = "AterraEngine", "src\AterraEngine\AterraEngine.csproj", "{D9CEB02C-88F5-4436-86C6-2AD8D7120303}"
EndProject
Project("{FAE04EC0-301F-11D3-BF4B-00C04F79EFBC}") = "AterraEngine-Tests", "src\AterraEngine-Tests\AterraEngine-Tests.csproj", "{77D106F5-CE82-4B2B-839D-FBF11B65580F}"
EndProject
Project("{FAE04EC0-301F-11D3-BF4B-00C04F79EFBC}") = "AterraEngine-Workfloor", "src\AterraEngine-Workfloor\AterraEngine-Workfloor.csproj", "{8E19B251-F781-4C68-A150-B22CCC5FF6DC}"
EndProject
Project("{FAE04EC0-301F-11D3-BF4B-00C04F79EFBC}") = "AterraEngine.Contracts", "src\AterraEngine.Contracts\AterraEngine.Contracts.csproj", "{CBF2712F-098F-4AD0-8061-504C5BEF7945}"
EndProject
Project("{FAE04EC0-301F-11D3-BF4B-00C04F79EFBC}") = "Ansi", "src\Ansi\Ansi.csproj", "{9C8CA02A-28DA-410A-8ADA-A39B3F6A227B}"
EndProject
Project("{FAE04EC0-301F-11D3-BF4B-00C04F79EFBC}") = "CliCommandParser", "src\CliCommandParser\CliCommandParser.csproj", "{AF334F7B-7918-497A-9B70-553990AA3503}"
EndProject
Project("{FAE04EC0-301F-11D3-BF4B-00C04F79EFBC}") = "EnginePlugin-Test", "src\EnginePlugin-Test\EnginePlugin-Test.csproj", "{BEEE9360-F0D3-4B83-83A4-EE3A6501A762}"
EndProject
Project("{FAE04EC0-301F-11D3-BF4B-00C04F79EFBC}") = "AterraEngine.EngineFactory", "src\AterraEngine.EngineFactory\AterraEngine.EngineFactory.csproj", "{B36B8407-5EC8-43C7-86C8-E4041E2BC1D4}"
EndProject
Project("{FAE04EC0-301F-11D3-BF4B-00C04F79EFBC}") = "AterraEngine.Paths", "src\AterraEngine.Paths\AterraEngine.Paths.csproj", "{6F173D75-AA76-49BA-8338-5345C6C23B8F}"
EndProject
Project("{FAE04EC0-301F-11D3-BF4B-00C04F79EFBC}") = "AterraEngine.Types", "src\AterraEngine.Types\AterraEngine.Types.csproj", "{1650C51D-84E7-454F-85A7-BBA6B6026DAB}"
EndProject
Project("{FAE04EC0-301F-11D3-BF4B-00C04F79EFBC}") = "AterraEngine.Assets", "src\AterraEngine.Assets\AterraEngine.Assets.csproj", "{6B027044-6F11-4D2C-8C27-17EAA6EFAAF9}"
EndProject
Project("{FAE04EC0-301F-11D3-BF4B-00C04F79EFBC}") = "AterraEngine.DTO", "src\AterraEngine.DTO\AterraEngine.DTO.csproj", "{AA947321-454B-4959-9011-5A0624451ED0}"
EndProject
Project("{2150E333-8FDC-42A3-9474-1A3956D46DE8}") = "Contracts", "Contracts", "{0594E3CB-F2CE-4A61-80E3-36F8F855FDB3}"
EndProject
Project("{FAE04EC0-301F-11D3-BF4B-00C04F79EFBC}") = "AterraEngine.Components", "src\AterraEngine.Components\AterraEngine.Components.csproj", "{DE160E70-5DBE-4A2E-9BFA-088032041B76}"
EndProject
Project("{2150E333-8FDC-42A3-9474-1A3956D46DE8}") = "Components & Assets", "Components & Assets", "{F143F20F-9B72-4716-A610-61FDF6D62539}"
EndProject
Project("{FAE04EC0-301F-11D3-BF4B-00C04F79EFBC}") = "AterraEngine.ComponentSystems", "src\AterraEngine.ComponentSystems\AterraEngine.ComponentSystems.csproj", "{3AB27E6A-72B1-4BC7-B700-99244BDBDFC3}"
EndProject
Global
	GlobalSection(SolutionConfigurationPlatforms) = preSolution
		Debug|Any CPU = Debug|Any CPU
		Release|Any CPU = Release|Any CPU
	EndGlobalSection
	GlobalSection(NestedProjects) = preSolution
		{D9CEB02C-88F5-4436-86C6-2AD8D7120303} = {4B8ABED8-0A9C-4C96-B9F0-C3F618D273F8}
		{77D106F5-CE82-4B2B-839D-FBF11B65580F} = {EB56FFEB-7FE6-44BB-B268-654433136B0F}
		{8E19B251-F781-4C68-A150-B22CCC5FF6DC} = {BA09286A-862B-4331-98ED-AD330808EDF8}
		{9C8CA02A-28DA-410A-8ADA-A39B3F6A227B} = {72601D4B-0D88-47AC-9217-34B2F6B46509}
		{AF334F7B-7918-497A-9B70-553990AA3503} = {72601D4B-0D88-47AC-9217-34B2F6B46509}
		{BEEE9360-F0D3-4B83-83A4-EE3A6501A762} = {BA09286A-862B-4331-98ED-AD330808EDF8}
		{B36B8407-5EC8-43C7-86C8-E4041E2BC1D4} = {4B8ABED8-0A9C-4C96-B9F0-C3F618D273F8}
		{6F173D75-AA76-49BA-8338-5345C6C23B8F} = {4B8ABED8-0A9C-4C96-B9F0-C3F618D273F8}
		{1650C51D-84E7-454F-85A7-BBA6B6026DAB} = {4B8ABED8-0A9C-4C96-B9F0-C3F618D273F8}
		{0594E3CB-F2CE-4A61-80E3-36F8F855FDB3} = {4B8ABED8-0A9C-4C96-B9F0-C3F618D273F8}
		{AA947321-454B-4959-9011-5A0624451ED0} = {0594E3CB-F2CE-4A61-80E3-36F8F855FDB3}
		{CBF2712F-098F-4AD0-8061-504C5BEF7945} = {0594E3CB-F2CE-4A61-80E3-36F8F855FDB3}
		{F143F20F-9B72-4716-A610-61FDF6D62539} = {4B8ABED8-0A9C-4C96-B9F0-C3F618D273F8}
		{6B027044-6F11-4D2C-8C27-17EAA6EFAAF9} = {F143F20F-9B72-4716-A610-61FDF6D62539}
		{DE160E70-5DBE-4A2E-9BFA-088032041B76} = {F143F20F-9B72-4716-A610-61FDF6D62539}
		{3AB27E6A-72B1-4BC7-B700-99244BDBDFC3} = {F143F20F-9B72-4716-A610-61FDF6D62539}
	EndGlobalSection
	GlobalSection(ProjectConfigurationPlatforms) = postSolution
		{D9CEB02C-88F5-4436-86C6-2AD8D7120303}.Debug|Any CPU.ActiveCfg = Debug|Any CPU
		{D9CEB02C-88F5-4436-86C6-2AD8D7120303}.Debug|Any CPU.Build.0 = Debug|Any CPU
		{D9CEB02C-88F5-4436-86C6-2AD8D7120303}.Release|Any CPU.ActiveCfg = Release|Any CPU
		{D9CEB02C-88F5-4436-86C6-2AD8D7120303}.Release|Any CPU.Build.0 = Release|Any CPU
		{77D106F5-CE82-4B2B-839D-FBF11B65580F}.Debug|Any CPU.ActiveCfg = Debug|Any CPU
		{77D106F5-CE82-4B2B-839D-FBF11B65580F}.Debug|Any CPU.Build.0 = Debug|Any CPU
		{77D106F5-CE82-4B2B-839D-FBF11B65580F}.Release|Any CPU.ActiveCfg = Release|Any CPU
		{77D106F5-CE82-4B2B-839D-FBF11B65580F}.Release|Any CPU.Build.0 = Release|Any CPU
		{8E19B251-F781-4C68-A150-B22CCC5FF6DC}.Debug|Any CPU.ActiveCfg = Debug|Any CPU
		{8E19B251-F781-4C68-A150-B22CCC5FF6DC}.Debug|Any CPU.Build.0 = Debug|Any CPU
		{8E19B251-F781-4C68-A150-B22CCC5FF6DC}.Release|Any CPU.ActiveCfg = Release|Any CPU
		{8E19B251-F781-4C68-A150-B22CCC5FF6DC}.Release|Any CPU.Build.0 = Release|Any CPU
		{CBF2712F-098F-4AD0-8061-504C5BEF7945}.Debug|Any CPU.ActiveCfg = Debug|Any CPU
		{CBF2712F-098F-4AD0-8061-504C5BEF7945}.Debug|Any CPU.Build.0 = Debug|Any CPU
		{CBF2712F-098F-4AD0-8061-504C5BEF7945}.Release|Any CPU.ActiveCfg = Release|Any CPU
		{CBF2712F-098F-4AD0-8061-504C5BEF7945}.Release|Any CPU.Build.0 = Release|Any CPU
		{9C8CA02A-28DA-410A-8ADA-A39B3F6A227B}.Debug|Any CPU.ActiveCfg = Debug|Any CPU
		{9C8CA02A-28DA-410A-8ADA-A39B3F6A227B}.Debug|Any CPU.Build.0 = Debug|Any CPU
		{9C8CA02A-28DA-410A-8ADA-A39B3F6A227B}.Release|Any CPU.ActiveCfg = Release|Any CPU
		{9C8CA02A-28DA-410A-8ADA-A39B3F6A227B}.Release|Any CPU.Build.0 = Release|Any CPU
		{AF334F7B-7918-497A-9B70-553990AA3503}.Debug|Any CPU.ActiveCfg = Debug|Any CPU
		{AF334F7B-7918-497A-9B70-553990AA3503}.Debug|Any CPU.Build.0 = Debug|Any CPU
		{AF334F7B-7918-497A-9B70-553990AA3503}.Release|Any CPU.ActiveCfg = Release|Any CPU
		{AF334F7B-7918-497A-9B70-553990AA3503}.Release|Any CPU.Build.0 = Release|Any CPU
		{BEEE9360-F0D3-4B83-83A4-EE3A6501A762}.Debug|Any CPU.ActiveCfg = Debug|Any CPU
		{BEEE9360-F0D3-4B83-83A4-EE3A6501A762}.Debug|Any CPU.Build.0 = Debug|Any CPU
		{BEEE9360-F0D3-4B83-83A4-EE3A6501A762}.Release|Any CPU.ActiveCfg = Release|Any CPU
		{BEEE9360-F0D3-4B83-83A4-EE3A6501A762}.Release|Any CPU.Build.0 = Release|Any CPU
		{B36B8407-5EC8-43C7-86C8-E4041E2BC1D4}.Debug|Any CPU.ActiveCfg = Debug|Any CPU
		{B36B8407-5EC8-43C7-86C8-E4041E2BC1D4}.Debug|Any CPU.Build.0 = Debug|Any CPU
		{B36B8407-5EC8-43C7-86C8-E4041E2BC1D4}.Release|Any CPU.ActiveCfg = Release|Any CPU
		{B36B8407-5EC8-43C7-86C8-E4041E2BC1D4}.Release|Any CPU.Build.0 = Release|Any CPU
		{6F173D75-AA76-49BA-8338-5345C6C23B8F}.Debug|Any CPU.ActiveCfg = Debug|Any CPU
		{6F173D75-AA76-49BA-8338-5345C6C23B8F}.Debug|Any CPU.Build.0 = Debug|Any CPU
		{6F173D75-AA76-49BA-8338-5345C6C23B8F}.Release|Any CPU.ActiveCfg = Release|Any CPU
		{6F173D75-AA76-49BA-8338-5345C6C23B8F}.Release|Any CPU.Build.0 = Release|Any CPU
		{1650C51D-84E7-454F-85A7-BBA6B6026DAB}.Debug|Any CPU.ActiveCfg = Debug|Any CPU
		{1650C51D-84E7-454F-85A7-BBA6B6026DAB}.Debug|Any CPU.Build.0 = Debug|Any CPU
		{1650C51D-84E7-454F-85A7-BBA6B6026DAB}.Release|Any CPU.ActiveCfg = Release|Any CPU
		{1650C51D-84E7-454F-85A7-BBA6B6026DAB}.Release|Any CPU.Build.0 = Release|Any CPU
		{6B027044-6F11-4D2C-8C27-17EAA6EFAAF9}.Debug|Any CPU.ActiveCfg = Debug|Any CPU
		{6B027044-6F11-4D2C-8C27-17EAA6EFAAF9}.Debug|Any CPU.Build.0 = Debug|Any CPU
		{6B027044-6F11-4D2C-8C27-17EAA6EFAAF9}.Release|Any CPU.ActiveCfg = Release|Any CPU
		{6B027044-6F11-4D2C-8C27-17EAA6EFAAF9}.Release|Any CPU.Build.0 = Release|Any CPU
		{AA947321-454B-4959-9011-5A0624451ED0}.Debug|Any CPU.ActiveCfg = Debug|Any CPU
		{AA947321-454B-4959-9011-5A0624451ED0}.Debug|Any CPU.Build.0 = Debug|Any CPU
		{AA947321-454B-4959-9011-5A0624451ED0}.Release|Any CPU.ActiveCfg = Release|Any CPU
		{AA947321-454B-4959-9011-5A0624451ED0}.Release|Any CPU.Build.0 = Release|Any CPU
		{DE160E70-5DBE-4A2E-9BFA-088032041B76}.Debug|Any CPU.ActiveCfg = Debug|Any CPU
		{DE160E70-5DBE-4A2E-9BFA-088032041B76}.Debug|Any CPU.Build.0 = Debug|Any CPU
		{DE160E70-5DBE-4A2E-9BFA-088032041B76}.Release|Any CPU.ActiveCfg = Release|Any CPU
		{DE160E70-5DBE-4A2E-9BFA-088032041B76}.Release|Any CPU.Build.0 = Release|Any CPU
		{3AB27E6A-72B1-4BC7-B700-99244BDBDFC3}.Debug|Any CPU.ActiveCfg = Debug|Any CPU
		{3AB27E6A-72B1-4BC7-B700-99244BDBDFC3}.Debug|Any CPU.Build.0 = Debug|Any CPU
		{3AB27E6A-72B1-4BC7-B700-99244BDBDFC3}.Release|Any CPU.ActiveCfg = Release|Any CPU
		{3AB27E6A-72B1-4BC7-B700-99244BDBDFC3}.Release|Any CPU.Build.0 = Release|Any CPU
	EndGlobalSection
EndGlobal
