
Microsoft Visual Studio Solution File, Format Version 12.00
Project("{2150E333-8FDC-42A3-9474-1A3956D46DE8}") = "src", "src", "{7085BFFB-29CD-40E5-B6A3-AECF8F0D2018}"
EndProject
Project("{FAE04EC0-301F-11D3-BF4B-00C04F79EFBC}") = "AterraEngine", "src\AterraEngine\AterraEngine.csproj", "{71B371EA-3406-497A-A4B2-C20617113C0E}"
EndProject
Project("{FAE04EC0-301F-11D3-BF4B-00C04F79EFBC}") = "AterraEngine.Frameworks.Nexities", "src\AterraEngine.Frameworks.Nexities\AterraEngine.Frameworks.Nexities.csproj", "{F1E75471-A4EA-4966-9A10-1D217217C4F2}"
EndProject
Project("{2150E333-8FDC-42A3-9474-1A3956D46DE8}") = ".contracts", ".contracts", "{AA3037ED-E82D-4F77-BFFD-522BE5B9A276}"
EndProject
Project("{FAE04EC0-301F-11D3-BF4B-00C04F79EFBC}") = "AterraEngine.Contracts", "src\AterraEngine.Contracts\AterraEngine.Contracts.csproj", "{3D3EE698-498B-48F1-9F83-D3F9844B03ED}"
EndProject
Project("{FAE04EC0-301F-11D3-BF4B-00C04F79EFBC}") = "AterraEngine.Common", "src\AterraEngine.Common\AterraEngine.Common.csproj", "{9C3DDF71-C564-4BD6-8C79-2E3A7FFD22DE}"
EndProject
Project("{2150E333-8FDC-42A3-9474-1A3956D46DE8}") = "workfloor", "workfloor", "{E4DFBCC3-6E11-439F-964F-67F359ADBF5B}"
EndProject
Project("{FAE04EC0-301F-11D3-BF4B-00C04F79EFBC}") = "Workfloor", "examples\Workfloor\Workfloor.csproj", "{651C39FB-E92C-44F5-9DC8-1F8A1755D96C}"
EndProject
Project("{FAE04EC0-301F-11D3-BF4B-00C04F79EFBC}") = "AterraEngine.Frameworks.Nexities.Generators", "src\AterraEngine.Frameworks.Nexities.Generators\AterraEngine.Frameworks.Nexities.Generators.csproj", "{2841E28F-8EF1-4A70-883D-604280CAC265}"
EndProject
Project("{2150E333-8FDC-42A3-9474-1A3956D46DE8}") = "frameworks", "frameworks", "{A5A7C72C-9D49-4DEE-866D-D45A8C981A80}"
EndProject
Project("{2150E333-8FDC-42A3-9474-1A3956D46DE8}") = "Nexities", "Nexities", "{D5464FB9-C907-4F70-8D1A-7DA467E16925}"
EndProject
Project("{2150E333-8FDC-42A3-9474-1A3956D46DE8}") = "FlexiPlug", "FlexiPlug", "{15ADC8F0-F52A-4507-8229-72A6BFB4A0A7}"
EndProject
Project("{2150E333-8FDC-42A3-9474-1A3956D46DE8}") = "tests", "tests", "{1B50191E-73D0-4519-94C0-776FE219827E}"
EndProject
Project("{FAE04EC0-301F-11D3-BF4B-00C04F79EFBC}") = "Workfloor.AterraEngine.Frameworks.Nexities.Generators", "examples\Workfloor.AterraEngine.Frameworks.Nexities.Generators\Workfloor.AterraEngine.Frameworks.Nexities.Generators.csproj", "{AC6A188D-48EB-4826-AE03-8FCAE4864738}"
EndProject
Project("{FAE04EC0-301F-11D3-BF4B-00C04F79EFBC}") = "AterraEngine.Frameworks.Omnia", "src\AterraEngine.Frameworks.Omnia\AterraEngine.Frameworks.Omnia.csproj", "{86363B1C-1B8F-4D31-8ACD-CAA74A4D37A1}"
EndProject
Project("{2150E333-8FDC-42A3-9474-1A3956D46DE8}") = "Omnia", "Omnia", "{CA5385AC-AD2D-48A5-9D18-8E99049BEC50}"
EndProject
Project("{2150E333-8FDC-42A3-9474-1A3956D46DE8}") = "frameworks", "frameworks", "{BA5D90C4-D49B-434D-9A1F-E1A3DE058A33}"
EndProject
Project("{FAE04EC0-301F-11D3-BF4B-00C04F79EFBC}") = "Tests.AterraEngine.Common", "tests\Tests.AterraEngine.Common\Tests.AterraEngine.Common.csproj", "{2CC72E9D-8675-405A-B0D9-C4FD845AF875}"
EndProject
Project("{FAE04EC0-301F-11D3-BF4B-00C04F79EFBC}") = "Tests.AterraEngine.Frameworks.Nexities.Generators", "tests\Tests.AterraEngine.Frameworks.Nexities.Generators\Tests.AterraEngine.Frameworks.Nexities.Generators.csproj", "{8E2F0EE9-6EC6-402D-9E5C-EAC15D99A73C}"
EndProject
Project("{FAE04EC0-301F-11D3-BF4B-00C04F79EFBC}") = "AterraEngine.Frameworks.Continuum", "src\AterraEngine.Frameworks.Continuum\AterraEngine.Frameworks.Continuum.csproj", "{B5CC5CA4-6D7F-4C44-95EA-D0FD5FD16694}"
EndProject
Project("{2150E333-8FDC-42A3-9474-1A3956D46DE8}") = "Continuum", "Continuum", "{54758794-25D7-4DFF-B1FD-2A20F1753723}"
EndProject
Global
	GlobalSection(SolutionConfigurationPlatforms) = preSolution
		Debug|Any CPU = Debug|Any CPU
		Release|Any CPU = Release|Any CPU
	EndGlobalSection
	GlobalSection(NestedProjects) = preSolution
		{71B371EA-3406-497A-A4B2-C20617113C0E} = {7085BFFB-29CD-40E5-B6A3-AECF8F0D2018}
		{AA3037ED-E82D-4F77-BFFD-522BE5B9A276} = {7085BFFB-29CD-40E5-B6A3-AECF8F0D2018}
		{3D3EE698-498B-48F1-9F83-D3F9844B03ED} = {AA3037ED-E82D-4F77-BFFD-522BE5B9A276}
		{9C3DDF71-C564-4BD6-8C79-2E3A7FFD22DE} = {AA3037ED-E82D-4F77-BFFD-522BE5B9A276}
		{651C39FB-E92C-44F5-9DC8-1F8A1755D96C} = {E4DFBCC3-6E11-439F-964F-67F359ADBF5B}
		{A5A7C72C-9D49-4DEE-866D-D45A8C981A80} = {7085BFFB-29CD-40E5-B6A3-AECF8F0D2018}
		{D5464FB9-C907-4F70-8D1A-7DA467E16925} = {A5A7C72C-9D49-4DEE-866D-D45A8C981A80}
		{F1E75471-A4EA-4966-9A10-1D217217C4F2} = {D5464FB9-C907-4F70-8D1A-7DA467E16925}
		{2841E28F-8EF1-4A70-883D-604280CAC265} = {D5464FB9-C907-4F70-8D1A-7DA467E16925}
		{15ADC8F0-F52A-4507-8229-72A6BFB4A0A7} = {A5A7C72C-9D49-4DEE-866D-D45A8C981A80}
		{AC6A188D-48EB-4826-AE03-8FCAE4864738} = {E4DFBCC3-6E11-439F-964F-67F359ADBF5B}
		{CA5385AC-AD2D-48A5-9D18-8E99049BEC50} = {A5A7C72C-9D49-4DEE-866D-D45A8C981A80}
		{86363B1C-1B8F-4D31-8ACD-CAA74A4D37A1} = {CA5385AC-AD2D-48A5-9D18-8E99049BEC50}
		{BA5D90C4-D49B-434D-9A1F-E1A3DE058A33} = {1B50191E-73D0-4519-94C0-776FE219827E}
		{2CC72E9D-8675-405A-B0D9-C4FD845AF875} = {1B50191E-73D0-4519-94C0-776FE219827E}
		{8E2F0EE9-6EC6-402D-9E5C-EAC15D99A73C} = {BA5D90C4-D49B-434D-9A1F-E1A3DE058A33}
		{54758794-25D7-4DFF-B1FD-2A20F1753723} = {A5A7C72C-9D49-4DEE-866D-D45A8C981A80}
		{B5CC5CA4-6D7F-4C44-95EA-D0FD5FD16694} = {54758794-25D7-4DFF-B1FD-2A20F1753723}
	EndGlobalSection
	GlobalSection(ProjectConfigurationPlatforms) = postSolution
		{71B371EA-3406-497A-A4B2-C20617113C0E}.Debug|Any CPU.ActiveCfg = Debug|Any CPU
		{71B371EA-3406-497A-A4B2-C20617113C0E}.Debug|Any CPU.Build.0 = Debug|Any CPU
		{71B371EA-3406-497A-A4B2-C20617113C0E}.Release|Any CPU.ActiveCfg = Release|Any CPU
		{71B371EA-3406-497A-A4B2-C20617113C0E}.Release|Any CPU.Build.0 = Release|Any CPU
		{F1E75471-A4EA-4966-9A10-1D217217C4F2}.Debug|Any CPU.ActiveCfg = Debug|Any CPU
		{F1E75471-A4EA-4966-9A10-1D217217C4F2}.Debug|Any CPU.Build.0 = Debug|Any CPU
		{F1E75471-A4EA-4966-9A10-1D217217C4F2}.Release|Any CPU.ActiveCfg = Release|Any CPU
		{F1E75471-A4EA-4966-9A10-1D217217C4F2}.Release|Any CPU.Build.0 = Release|Any CPU
		{3D3EE698-498B-48F1-9F83-D3F9844B03ED}.Debug|Any CPU.ActiveCfg = Debug|Any CPU
		{3D3EE698-498B-48F1-9F83-D3F9844B03ED}.Debug|Any CPU.Build.0 = Debug|Any CPU
		{3D3EE698-498B-48F1-9F83-D3F9844B03ED}.Release|Any CPU.ActiveCfg = Release|Any CPU
		{3D3EE698-498B-48F1-9F83-D3F9844B03ED}.Release|Any CPU.Build.0 = Release|Any CPU
		{9C3DDF71-C564-4BD6-8C79-2E3A7FFD22DE}.Debug|Any CPU.ActiveCfg = Debug|Any CPU
		{9C3DDF71-C564-4BD6-8C79-2E3A7FFD22DE}.Debug|Any CPU.Build.0 = Debug|Any CPU
		{9C3DDF71-C564-4BD6-8C79-2E3A7FFD22DE}.Release|Any CPU.ActiveCfg = Release|Any CPU
		{9C3DDF71-C564-4BD6-8C79-2E3A7FFD22DE}.Release|Any CPU.Build.0 = Release|Any CPU
		{651C39FB-E92C-44F5-9DC8-1F8A1755D96C}.Debug|Any CPU.ActiveCfg = Debug|Any CPU
		{651C39FB-E92C-44F5-9DC8-1F8A1755D96C}.Debug|Any CPU.Build.0 = Debug|Any CPU
		{651C39FB-E92C-44F5-9DC8-1F8A1755D96C}.Release|Any CPU.ActiveCfg = Release|Any CPU
		{651C39FB-E92C-44F5-9DC8-1F8A1755D96C}.Release|Any CPU.Build.0 = Release|Any CPU
		{2841E28F-8EF1-4A70-883D-604280CAC265}.Debug|Any CPU.ActiveCfg = Debug|Any CPU
		{2841E28F-8EF1-4A70-883D-604280CAC265}.Debug|Any CPU.Build.0 = Debug|Any CPU
		{2841E28F-8EF1-4A70-883D-604280CAC265}.Release|Any CPU.ActiveCfg = Release|Any CPU
		{2841E28F-8EF1-4A70-883D-604280CAC265}.Release|Any CPU.Build.0 = Release|Any CPU
		{AC6A188D-48EB-4826-AE03-8FCAE4864738}.Debug|Any CPU.ActiveCfg = Debug|Any CPU
		{AC6A188D-48EB-4826-AE03-8FCAE4864738}.Debug|Any CPU.Build.0 = Debug|Any CPU
		{AC6A188D-48EB-4826-AE03-8FCAE4864738}.Release|Any CPU.ActiveCfg = Release|Any CPU
		{AC6A188D-48EB-4826-AE03-8FCAE4864738}.Release|Any CPU.Build.0 = Release|Any CPU
		{86363B1C-1B8F-4D31-8ACD-CAA74A4D37A1}.Debug|Any CPU.ActiveCfg = Debug|Any CPU
		{86363B1C-1B8F-4D31-8ACD-CAA74A4D37A1}.Debug|Any CPU.Build.0 = Debug|Any CPU
		{86363B1C-1B8F-4D31-8ACD-CAA74A4D37A1}.Release|Any CPU.ActiveCfg = Release|Any CPU
		{86363B1C-1B8F-4D31-8ACD-CAA74A4D37A1}.Release|Any CPU.Build.0 = Release|Any CPU
		{2CC72E9D-8675-405A-B0D9-C4FD845AF875}.Debug|Any CPU.ActiveCfg = Debug|Any CPU
		{2CC72E9D-8675-405A-B0D9-C4FD845AF875}.Debug|Any CPU.Build.0 = Debug|Any CPU
		{2CC72E9D-8675-405A-B0D9-C4FD845AF875}.Release|Any CPU.ActiveCfg = Release|Any CPU
		{2CC72E9D-8675-405A-B0D9-C4FD845AF875}.Release|Any CPU.Build.0 = Release|Any CPU
		{8E2F0EE9-6EC6-402D-9E5C-EAC15D99A73C}.Debug|Any CPU.ActiveCfg = Debug|Any CPU
		{8E2F0EE9-6EC6-402D-9E5C-EAC15D99A73C}.Debug|Any CPU.Build.0 = Debug|Any CPU
		{8E2F0EE9-6EC6-402D-9E5C-EAC15D99A73C}.Release|Any CPU.ActiveCfg = Release|Any CPU
		{8E2F0EE9-6EC6-402D-9E5C-EAC15D99A73C}.Release|Any CPU.Build.0 = Release|Any CPU
		{B5CC5CA4-6D7F-4C44-95EA-D0FD5FD16694}.Debug|Any CPU.ActiveCfg = Debug|Any CPU
		{B5CC5CA4-6D7F-4C44-95EA-D0FD5FD16694}.Debug|Any CPU.Build.0 = Debug|Any CPU
		{B5CC5CA4-6D7F-4C44-95EA-D0FD5FD16694}.Release|Any CPU.ActiveCfg = Release|Any CPU
		{B5CC5CA4-6D7F-4C44-95EA-D0FD5FD16694}.Release|Any CPU.Build.0 = Release|Any CPU
	EndGlobalSection
EndGlobal
